
Microsoft Visual Studio Solution File, Format Version 12.00
# Visual Studio Version 16
VisualStudioVersion = 16.0.31515.178
MinimumVisualStudioVersion = 10.0.40219.1
Project("{FAE04EC0-301F-11D3-BF4B-00C04F79EFBC}") = "Platform", "Platform.csproj", "{CF7C468C-B681-4BC1-A934-13F9A3C64ECD}"
EndProject
Global
	GlobalSection(SolutionConfigurationPlatforms) = preSolution
		Debug|Any CPU = Debug|Any CPU
		Release|Any CPU = Release|Any CPU
	EndGlobalSection
	GlobalSection(ProjectConfigurationPlatforms) = postSolution
		{CF7C468C-B681-4BC1-A934-13F9A3C64ECD}.Debug|Any CPU.ActiveCfg = Debug|Any CPU
		{CF7C468C-B681-4BC1-A934-13F9A3C64ECD}.Debug|Any CPU.Build.0 = Debug|Any CPU
		{CF7C468C-B681-4BC1-A934-13F9A3C64ECD}.Release|Any CPU.ActiveCfg = Release|Any CPU
		{CF7C468C-B681-4BC1-A934-13F9A3C64ECD}.Release|Any CPU.Build.0 = Release|Any CPU
	EndGlobalSection
	GlobalSection(SolutionProperties) = preSolution
		HideSolutionNode = FALSE
	EndGlobalSection
	GlobalSection(ExtensibilityGlobals) = postSolution
		SolutionGuid = {DB7FBE23-72CF-4186-81F4-74A1CB69FB45}
	EndGlobalSection
EndGlobal
